
Microsoft Visual Studio Solution File, Format Version 12.00
# Visual Studio Version 17
VisualStudioVersion = 17.7.34031.279
MinimumVisualStudioVersion = 10.0.40219.1
Project("{FAE04EC0-301F-11D3-BF4B-00C04F79EFBC}") = "Program_2", "Program_2\Program_2.csproj", "{0C62DA5D-86A2-4C32-A5CF-6458353101F5}"
EndProject
Global
	GlobalSection(SolutionConfigurationPlatforms) = preSolution
		Debug|Any CPU = Debug|Any CPU
		Release|Any CPU = Release|Any CPU
	EndGlobalSection
	GlobalSection(ProjectConfigurationPlatforms) = postSolution
		{0C62DA5D-86A2-4C32-A5CF-6458353101F5}.Debug|Any CPU.ActiveCfg = Debug|Any CPU
		{0C62DA5D-86A2-4C32-A5CF-6458353101F5}.Debug|Any CPU.Build.0 = Debug|Any CPU
		{0C62DA5D-86A2-4C32-A5CF-6458353101F5}.Release|Any CPU.ActiveCfg = Release|Any CPU
		{0C62DA5D-86A2-4C32-A5CF-6458353101F5}.Release|Any CPU.Build.0 = Release|Any CPU
	EndGlobalSection
	GlobalSection(SolutionProperties) = preSolution
		HideSolutionNode = FALSE
	EndGlobalSection
	GlobalSection(ExtensibilityGlobals) = postSolution
		SolutionGuid = {0E261AD1-83A0-456F-B107-A3A4E1B379D0}
	EndGlobalSection
EndGlobal
